
Microsoft Visual Studio Solution File, Format Version 12.00
# Visual Studio Version 16
VisualStudioVersion = 16.0.30621.155
MinimumVisualStudioVersion = 10.0.40219.1
Project("{FAE04EC0-301F-11D3-BF4B-00C04F79EFBC}") = "30102020dz", "30102020dz.csproj", "{51FECBF3-1912-412E-8031-5183E147558C}"
EndProject
Global
	GlobalSection(SolutionConfigurationPlatforms) = preSolution
		Debug|Any CPU = Debug|Any CPU
		Release|Any CPU = Release|Any CPU
	EndGlobalSection
	GlobalSection(ProjectConfigurationPlatforms) = postSolution
		{51FECBF3-1912-412E-8031-5183E147558C}.Debug|Any CPU.ActiveCfg = Debug|Any CPU
		{51FECBF3-1912-412E-8031-5183E147558C}.Debug|Any CPU.Build.0 = Debug|Any CPU
		{51FECBF3-1912-412E-8031-5183E147558C}.Release|Any CPU.ActiveCfg = Release|Any CPU
		{51FECBF3-1912-412E-8031-5183E147558C}.Release|Any CPU.Build.0 = Release|Any CPU
	EndGlobalSection
	GlobalSection(SolutionProperties) = preSolution
		HideSolutionNode = FALSE
	EndGlobalSection
	GlobalSection(ExtensibilityGlobals) = postSolution
		SolutionGuid = {DDA18F85-0CA0-41EA-815B-15EB349DEDFA}
	EndGlobalSection
EndGlobal
